# This file is autogenerated, do not edit; changes may be undone by the next 'dep ensure'.


[[projects]]
  digest = "1:4d6f036ea3fe636bcb2e89850bcdc62a771354e157cd51b8b22a2de8562bf663"
  name = "cloud.google.com/go"
  packages = ["compute/metadata"]
  pruneopts = "UT"
  revision = "c9474f2f8deb81759839474b6bd1726bbfe1c1c4"
  version = "v0.36.0"

[[projects]]
  digest = "1:3bb331d3045ee55402a226f6ab0f005cbc09527df714278c3925d4700db79260"
  name = "github.com/PagerDuty/go-pagerduty"
  packages = ["."]
  pruneopts = "UT"
  revision = "b4a4067bdbde86de1d3fdf15c3c01e76bee9127c"
  version = "1.0.4"

[[projects]]
  digest = "1:abeb38ade3f32a92943e5be54f55ed6d6e3b6602761d74b4aab4c9dd45c18abd"
  name = "github.com/fsnotify/fsnotify"
  packages = ["."]
  pruneopts = "UT"
  revision = "c2828203cd70a50dcccfb2761f8b1f8ceef9a8e9"
  version = "v1.4.7"

[[projects]]
  digest = "1:318f1c959a8a740366fce4b1e1eb2fd914036b4af58fbd0a003349b305f118ad"
  name = "github.com/golang/protobuf"
  packages = ["proto"]
  pruneopts = "UT"
  revision = "c823c79ea1570fb5ff454033735a8e68575d1d0f"
  version = "v1.3.0"

[[projects]]
  digest = "1:a63cff6b5d8b95638bfe300385d93b2a6d9d687734b863da8e09dc834510a690"
  name = "github.com/google/go-querystring"
  packages = ["query"]
  pruneopts = "UT"
  revision = "44c6ddd0a2342c386950e880b658017258da92fc"
  version = "v1.0.0"

[[projects]]
  digest = "1:c0d19ab64b32ce9fe5cf4ddceba78d5bc9807f0016db6b1183599da3dcc24d10"
  name = "github.com/hashicorp/hcl"
  packages = [
    ".",
    "hcl/ast",
    "hcl/parser",
    "hcl/printer",
    "hcl/scanner",
    "hcl/strconv",
    "hcl/token",
    "json/parser",
    "json/scanner",
    "json/token",
  ]
  pruneopts = "UT"
  revision = "8cb6e5b959231cc1119e43259c4a608f9c51a241"
  version = "v1.0.0"

[[projects]]
  digest = "1:31e761d97c76151dde79e9d28964a812c46efc5baee4085b86f68f0c654450de"
  name = "github.com/konsorten/go-windows-terminal-sequences"
  packages = ["."]
  pruneopts = "UT"
  revision = "f55edac94c9bbba5d6182a4be46d86a2c9b5b50e"
  version = "v1.0.2"

[[projects]]
  branch = "master"
  digest = "1:419e57386ae604f0fc6f3d2b32f1fcab8c8c93c010c84f9daf97ba29fc07b041"
  name = "github.com/leosunmo/ics-golang"
  packages = ["."]
  pruneopts = "UT"
  revision = "09af3d63fa599ef52bb63534de06a880b1684830"

[[projects]]
  digest = "1:5c4fbd95b1e5a9cfa0afabf7c15ee40e34799a103134b017214544571a48f420"
  name = "github.com/leosunmo/timerange-go"
  packages = ["."]
  pruneopts = "UT"
  revision = "dce45aeb2e8ab7c6cb3ccc9bc95c5fd4c41e2a29"
  version = "v1.0.0"

[[projects]]
  digest = "1:c568d7727aa262c32bdf8a3f7db83614f7af0ed661474b24588de635c20024c7"
  name = "github.com/magiconair/properties"
  packages = ["."]
  pruneopts = "UT"
  revision = "c2353362d570a7bfa228149c62842019201cfb71"
  version = "v1.8.0"

[[projects]]
  digest = "1:0356f3312c9bd1cbeda81505b7fd437501d8e778ab66998ef69f00d7f9b3a0d7"
  name = "github.com/mattn/go-runewidth"
  packages = ["."]
  pruneopts = "UT"
  revision = "3ee7d812e62a0804a7d0a324e0249ca2db3476d3"
  version = "v0.0.4"

[[projects]]
  digest = "1:53bc4cd4914cd7cd52139990d5170d6dc99067ae31c56530621b18b35fc30318"
  name = "github.com/mitchellh/mapstructure"
  packages = ["."]
  pruneopts = "UT"
  revision = "3536a929edddb9a5b34bd6861dc4a9647cb459fe"
  version = "v1.1.2"

[[projects]]
  digest = "1:abcdbf03ca6ca13d3697e2186edc1f33863bbdac2b3a44dfa39015e8903f7409"
  name = "github.com/olekukonko/tablewriter"
  packages = ["."]
  pruneopts = "UT"
  revision = "e6d60cf7ba1f42d86d54cdf5508611c4aafb3970"
  version = "v0.0.1"

[[projects]]
  digest = "1:95741de3af260a92cc5c7f3f3061e85273f5a81b5db20d4bd68da74bd521675e"
  name = "github.com/pelletier/go-toml"
  packages = ["."]
  pruneopts = "UT"
  revision = "c01d1270ff3e442a8a57cddc1c92dc1138598194"
  version = "v1.2.0"

[[projects]]
  digest = "1:87c2e02fb01c27060ccc5ba7c5a407cc91147726f8f40b70cceeedbc52b1f3a8"
  name = "github.com/sirupsen/logrus"
  packages = ["."]
  pruneopts = "UT"
  revision = "e1e72e9de974bd926e5c56f83753fba2df402ce5"
  version = "v1.3.0"

[[projects]]
  digest = "1:3e39bafd6c2f4bf3c76c3bfd16a2e09e016510ad5db90dc02b88e2f565d6d595"
  name = "github.com/spf13/afero"
  packages = [
    ".",
    "mem",
  ]
  pruneopts = "UT"
  revision = "f4711e4db9e9a1d3887343acb72b2bbfc2f686f5"
  version = "v1.2.1"

[[projects]]
  digest = "1:08d65904057412fc0270fc4812a1c90c594186819243160dc779a402d4b6d0bc"
  name = "github.com/spf13/cast"
  packages = ["."]
  pruneopts = "UT"
  revision = "8c9545af88b134710ab1cd196795e7f2388358d7"
  version = "v1.3.0"

[[projects]]
  digest = "1:1b753ec16506f5864d26a28b43703c58831255059644351bbcb019b843950900"
  name = "github.com/spf13/jwalterweatherman"
  packages = ["."]
  pruneopts = "UT"
  revision = "94f6ae3ed3bceceafa716478c5fbf8d29ca601a1"
  version = "v1.1.0"

[[projects]]
  digest = "1:c1b1102241e7f645bc8e0c22ae352e8f0dc6484b6cb4d132fa9f24174e0119e2"
  name = "github.com/spf13/pflag"
  packages = ["."]
  pruneopts = "UT"
  revision = "298182f68c66c05229eb03ac171abe6e309ee79a"
  version = "v1.0.3"

[[projects]]
  digest = "1:de37e343c64582d7026bf8ab6ac5b22a72eac54f3a57020db31524affed9f423"
  name = "github.com/spf13/viper"
  packages = ["."]
  pruneopts = "UT"
  revision = "6d33b5a963d922d182c91e8a1c88d81fd150cfd4"
  version = "v1.3.1"

[[projects]]
  branch = "master"
  digest = "1:058e9504b9a79bfe86092974d05bb3298d2aa0c312d266d43148de289a5065d9"
  name = "golang.org/x/crypto"
  packages = ["ssh/terminal"]
  pruneopts = "UT"
  revision = "8dd112bcdc25174059e45e07517d9fc663123347"

[[projects]]
  branch = "master"
  digest = "1:f8b491a7c25030a895a0e579742d07136e6958e77ef2d46e769db8eec4e58fcd"
  name = "golang.org/x/net"
  packages = [
    "context",
    "context/ctxhttp",
  ]
  pruneopts = "UT"
  revision = "16b79f2e4e95ea23b2bf9903c9809ff7b013ce85"

[[projects]]
  branch = "master"
  digest = "1:5e9f22cf754ab20a5dff0ae04b12516b112c5b81cd44dccccde148865084d730"
  name = "golang.org/x/oauth2"
  packages = [
    ".",
    "google",
    "internal",
    "jws",
    "jwt",
  ]
  pruneopts = "UT"
  revision = "e64efc72b421e893cbf63f17ba2221e7d6d0b0f3"

[[projects]]
  branch = "master"
  digest = "1:450c8a5021490079d681cae207e762e2bfffd25a861c39f6da1fa9de9742c682"
  name = "golang.org/x/sys"
  packages = [
    "unix",
    "windows",
  ]
  pruneopts = "UT"
  revision = "e844e0132e93db857c984c24fd4fc86815e43be3"

[[projects]]
  digest = "1:8029e9743749d4be5bc9f7d42ea1659471767860f0cdc34d37c3111bd308a295"
  name = "golang.org/x/text"
  packages = [
    "internal/gen",
    "internal/triegen",
    "internal/ucd",
    "transform",
    "unicode/cldr",
    "unicode/norm",
  ]
  pruneopts = "UT"
  revision = "f21a4dfb5e38f5895301dc265a8def02365cc3d0"
  version = "v0.3.0"

[[projects]]
  digest = "1:fd78c4f6482e277b720badac057b2d4312779120b45625051529107afc117a71"
  name = "google.golang.org/api"
  packages = [
    "gensupport",
    "googleapi",
    "googleapi/internal/uritemplates",
    "sheets/v4",
  ]
  pruneopts = "UT"
  revision = "19e022d8cf43ce81f046bae8cc18c5397cc7732f"
  version = "v0.1.0"

[[projects]]
  digest = "1:fa026a5c59bd2df343ec4a3538e6288dcf4e2ec5281d743ae82c120affe6926a"
  name = "google.golang.org/appengine"
  packages = [
    ".",
    "internal",
    "internal/app_identity",
    "internal/base",
    "internal/datastore",
    "internal/log",
    "internal/modules",
    "internal/remote_api",
    "internal/urlfetch",
    "urlfetch",
  ]
  pruneopts = "UT"
  revision = "e9657d882bb81064595ca3b56cbe2546bbabf7b1"
  version = "v1.4.0"

[[projects]]
  digest = "1:4d2e5a73dc1500038e504a8d78b986630e3626dc027bc030ba5c75da257cdb96"
  name = "gopkg.in/yaml.v2"
  packages = ["."]
  pruneopts = "UT"
  revision = "51d6538a90f86fe93ac480b35f37b2be17fef232"
  version = "v2.2.2"

[solve-meta]
  analyzer-name = "dep"
  analyzer-version = 1
  input-imports = [
    "github.com/PagerDuty/go-pagerduty",
    "github.com/leosunmo/ics-golang",
    "github.com/leosunmo/timerange-go",
    "github.com/olekukonko/tablewriter",
    "github.com/sirupsen/logrus",
    "github.com/spf13/pflag",
    "github.com/spf13/viper",
    "golang.org/x/net/context",
    "golang.org/x/oauth2/google",
    "google.golang.org/api/sheets/v4",
  ]
  solver-name = "gps-cdcl"
  solver-version = 1
