# This file is autogenerated, do not edit; changes may be undone by the next 'dep ensure'.


[[projects]]
  name = "github.com/PagerDuty/go-pagerduty"
  packages = ["."]
  revision = "b4a4067bdbde86de1d3fdf15c3c01e76bee9127c"
  version = "1.0.4"

[[projects]]
  name = "github.com/ghodss/yaml"
  packages = ["."]
  revision = "0ca9ea5df5451ffdf184b4428c902747c2c11cd7"
  version = "v1.0.0"

[[projects]]
  branch = "master"
  name = "github.com/google/go-querystring"
  packages = ["query"]
  revision = "53e6ce116135b80d037921a7fdd5138cf32d7a8a"

[[projects]]
  branch = "master"
  name = "github.com/leosunmo/ics-golang"
  packages = ["."]
  revision = "679ee9fc4f983153242190f8d61988eb662abc73"

[[projects]]
  name = "github.com/leosunmo/timerange-go"
  packages = ["."]
  revision = "dce45aeb2e8ab7c6cb3ccc9bc95c5fd4c41e2a29"
  version = "v1.0.0"

[[projects]]
  name = "gopkg.in/yaml.v2"
  packages = ["."]
  revision = "5420a8b6744d3b0345ab293f6fcba19c978f1183"
  version = "v2.2.1"

[solve-meta]
  analyzer-name = "dep"
  analyzer-version = 1
  inputs-digest = "60d7ec56278c3330702e69ce4892cea85143ee75dd12e3001eaebfaf94e01214"
  solver-name = "gps-cdcl"
  solver-version = 1
